
Microsoft Visual Studio Solution File, Format Version 12.00
# Visual Studio Version 17
VisualStudioVersion = 17.3.32929.385
MinimumVisualStudioVersion = 10.0.40219.1
Project("{FAE04EC0-301F-11D3-BF4B-00C04F79EFBC}") = "APK Konversi", "APK Konversi\APK Konversi.csproj", "{469C6754-4FCA-44B4-A23B-C92B850499E0}"
EndProject
Global
	GlobalSection(SolutionConfigurationPlatforms) = preSolution
		Debug|Any CPU = Debug|Any CPU
		Release|Any CPU = Release|Any CPU
	EndGlobalSection
	GlobalSection(ProjectConfigurationPlatforms) = postSolution
		{469C6754-4FCA-44B4-A23B-C92B850499E0}.Debug|Any CPU.ActiveCfg = Debug|Any CPU
		{469C6754-4FCA-44B4-A23B-C92B850499E0}.Debug|Any CPU.Build.0 = Debug|Any CPU
		{469C6754-4FCA-44B4-A23B-C92B850499E0}.Release|Any CPU.ActiveCfg = Release|Any CPU
		{469C6754-4FCA-44B4-A23B-C92B850499E0}.Release|Any CPU.Build.0 = Release|Any CPU
	EndGlobalSection
	GlobalSection(SolutionProperties) = preSolution
		HideSolutionNode = FALSE
	EndGlobalSection
	GlobalSection(ExtensibilityGlobals) = postSolution
		SolutionGuid = {BB71816A-5AB1-4E18-BF5F-B268A412A50F}
	EndGlobalSection
EndGlobal
